
Microsoft Visual Studio Solution File, Format Version 12.00
# Visual Studio Version 16
VisualStudioVersion = 16.0.30114.105
MinimumVisualStudioVersion = 10.0.40219.1
Project("{FAE04EC0-301F-11D3-BF4B-00C04F79EFBC}") = "PrimeService", "PrimeService\PrimeService.csproj", "{9B4D5E80-2BB2-47C3-A33A-DAF69DB65E3F}"
EndProject
Project("{FAE04EC0-301F-11D3-BF4B-00C04F79EFBC}") = "PrimeService.Tests", "PrimeService.Tests\PrimeService.Tests.csproj", "{157E0DA0-8799-4221-A9B8-EA942073C940}"
EndProject
Global
	GlobalSection(SolutionConfigurationPlatforms) = preSolution
		Debug|Any CPU = Debug|Any CPU
		Release|Any CPU = Release|Any CPU
	EndGlobalSection
	GlobalSection(SolutionProperties) = preSolution
		HideSolutionNode = FALSE
	EndGlobalSection
	GlobalSection(ProjectConfigurationPlatforms) = postSolution
		{9B4D5E80-2BB2-47C3-A33A-DAF69DB65E3F}.Debug|Any CPU.ActiveCfg = Debug|Any CPU
		{9B4D5E80-2BB2-47C3-A33A-DAF69DB65E3F}.Debug|Any CPU.Build.0 = Debug|Any CPU
		{9B4D5E80-2BB2-47C3-A33A-DAF69DB65E3F}.Release|Any CPU.ActiveCfg = Release|Any CPU
		{9B4D5E80-2BB2-47C3-A33A-DAF69DB65E3F}.Release|Any CPU.Build.0 = Release|Any CPU
		{157E0DA0-8799-4221-A9B8-EA942073C940}.Debug|Any CPU.ActiveCfg = Debug|Any CPU
		{157E0DA0-8799-4221-A9B8-EA942073C940}.Debug|Any CPU.Build.0 = Debug|Any CPU
		{157E0DA0-8799-4221-A9B8-EA942073C940}.Release|Any CPU.ActiveCfg = Release|Any CPU
		{157E0DA0-8799-4221-A9B8-EA942073C940}.Release|Any CPU.Build.0 = Release|Any CPU
	EndGlobalSection
EndGlobal
